// !$*UTF8*$!
{
	archiveVersion = 1;
	classes = {
	};
	objectVersion = 48;
	objects = {

/* Begin PBXBuildFile section */
		C1785BB82032C45700036D74 /* AppDelegate.m in Sources */ = {isa = PBXBuildFile; fileRef = C1785BB72032C45700036D74 /* AppDelegate.m */; };
		C1785BBB2032C45700036D74 /* ViewController.m in Sources */ = {isa = PBXBuildFile; fileRef = C1785BBA2032C45700036D74 /* ViewController.m */; };
		C1785BBE2032C45700036D74 /* Main.storyboard in Resources */ = {isa = PBXBuildFile; fileRef = C1785BBC2032C45700036D74 /* Main.storyboard */; };
		C1785BC02032C45700036D74 /* Assets.xcassets in Resources */ = {isa = PBXBuildFile; fileRef = C1785BBF2032C45700036D74 /* Assets.xcassets */; };
		C1785BC32032C45700036D74 /* LaunchScreen.storyboard in Resources */ = {isa = PBXBuildFile; fileRef = C1785BC12032C45700036D74 /* LaunchScreen.storyboard */; };
		C1785BC62032C45700036D74 /* main.m in Sources */ = {isa = PBXBuildFile; fileRef = C1785BC52032C45700036D74 /* main.m */; };
		C1785BD02032C45700036D74 /* PalindromePermutationTests.m in Sources */ = {isa = PBXBuildFile; fileRef = C1785BCF2032C45700036D74 /* PalindromePermutationTests.m */; };
		C1785BDB2032C45700036D74 /* PalindromePermutationUITests.m in Sources */ = {isa = PBXBuildFile; fileRef = C1785BDA2032C45700036D74 /* PalindromePermutationUITests.m */; };
/* End PBXBuildFile section */

/* Begin PBXContainerItemProxy section */
		C1785BCC2032C45700036D74 /* PBXContainerItemProxy */ = {
			isa = PBXContainerItemProxy;
			containerPortal = C1785BAB2032C45600036D74 /* Project object */;
			proxyType = 1;
			remoteGlobalIDString = C1785BB22032C45600036D74;
			remoteInfo = PalindromePermutation;
		};
		C1785BD72032C45700036D74 /* PBXContainerItemProxy */ = {
			isa = PBXContainerItemProxy;
			containerPortal = C1785BAB2032C45600036D74 /* Project object */;
			proxyType = 1;
			remoteGlobalIDString = C1785BB22032C45600036D74;
			remoteInfo = PalindromePermutation;
		};
/* End PBXContainerItemProxy section */

/* Begin PBXFileReference section */
		C1785BB32032C45600036D74 /* PalindromePermutation.app */ = {isa = PBXFileReference; explicitFileType = wrapper.application; includeInIndex = 0; path = PalindromePermutation.app; sourceTree = BUILT_PRODUCTS_DIR; };
		C1785BB62032C45700036D74 /* AppDelegate.h */ = {isa = PBXFileReference; lastKnownFileType = sourcecode.c.h; path = AppDelegate.h; sourceTree = "<group>"; };
		C1785BB72032C45700036D74 /* AppDelegate.m */ = {isa = PBXFileReference; lastKnownFileType = sourcecode.c.objc; path = AppDelegate.m; sourceTree = "<group>"; };
		C1785BB92032C45700036D74 /* ViewController.h */ = {isa = PBXFileReference; lastKnownFileType = sourcecode.c.h; path = ViewController.h; sourceTree = "<group>"; };
		C1785BBA2032C45700036D74 /* ViewController.m */ = {isa = PBXFileReference; lastKnownFileType = sourcecode.c.objc; path = ViewController.m; sourceTree = "<group>"; };
		C1785BBD2032C45700036D74 /* Base */ = {isa = PBXFileReference; lastKnownFileType = file.storyboard; name = Base; path = Base.lproj/Main.storyboard; sourceTree = "<group>"; };
		C1785BBF2032C45700036D74 /* Assets.xcassets */ = {isa = PBXFileReference; lastKnownFileType = folder.assetcatalog; path = Assets.xcassets; sourceTree = "<group>"; };
		C1785BC22032C45700036D74 /* Base */ = {isa = PBXFileReference; lastKnownFileType = file.storyboard; name = Base; path = Base.lproj/LaunchScreen.storyboard; sourceTree = "<group>"; };
		C1785BC42032C45700036D74 /* Info.plist */ = {isa = PBXFileReference; lastKnownFileType = text.plist.xml; path = Info.plist; sourceTree = "<group>"; };
		C1785BC52032C45700036D74 /* main.m */ = {isa = PBXFileReference; lastKnownFileType = sourcecode.c.objc; path = main.m; sourceTree = "<group>"; };
		C1785BCB2032C45700036D74 /* PalindromePermutationTests.xctest */ = {isa = PBXFileReference; explicitFileType = wrapper.cfbundle; includeInIndex = 0; path = PalindromePermutationTests.xctest; sourceTree = BUILT_PRODUCTS_DIR; };
		C1785BCF2032C45700036D74 /* PalindromePermutationTests.m */ = {isa = PBXFileReference; lastKnownFileType = sourcecode.c.objc; path = PalindromePermutationTests.m; sourceTree = "<group>"; };
		C1785BD12032C45700036D74 /* Info.plist */ = {isa = PBXFileReference; lastKnownFileType = text.plist.xml; path = Info.plist; sourceTree = "<group>"; };
		C1785BD62032C45700036D74 /* PalindromePermutationUITests.xctest */ = {isa = PBXFileReference; explicitFileType = wrapper.cfbundle; includeInIndex = 0; path = PalindromePermutationUITests.xctest; sourceTree = BUILT_PRODUCTS_DIR; };
		C1785BDA2032C45700036D74 /* PalindromePermutationUITests.m */ = {isa = PBXFileReference; lastKnownFileType = sourcecode.c.objc; path = PalindromePermutationUITests.m; sourceTree = "<group>"; };
		C1785BDC2032C45700036D74 /* Info.plist */ = {isa = PBXFileReference; lastKnownFileType = text.plist.xml; path = Info.plist; sourceTree = "<group>"; };
/* End PBXFileReference section */

/* Begin PBXFrameworksBuildPhase section */
		C1785BB02032C45600036D74 /* Frameworks */ = {
			isa = PBXFrameworksBuildPhase;
			buildActionMask = 2147483647;
			files = (
			);
			runOnlyForDeploymentPostprocessing = 0;
		};
		C1785BC82032C45700036D74 /* Frameworks */ = {
			isa = PBXFrameworksBuildPhase;
			buildActionMask = 2147483647;
			files = (
			);
			runOnlyForDeploymentPostprocessing = 0;
		};
		C1785BD32032C45700036D74 /* Frameworks */ = {
			isa = PBXFrameworksBuildPhase;
			buildActionMask = 2147483647;
			files = (
			);
			runOnlyForDeploymentPostprocessing = 0;
		};
/* End PBXFrameworksBuildPhase section */

/* Begin PBXGroup section */
		C1785BAA2032C45600036D74 = {
			isa = PBXGroup;
			children = (
				C1785BB52032C45600036D74 /* PalindromePermutation */,
				C1785BCE2032C45700036D74 /* PalindromePermutationTests */,
				C1785BD92032C45700036D74 /* PalindromePermutationUITests */,
				C1785BB42032C45600036D74 /* Products */,
			);
			sourceTree = "<group>";
		};
		C1785BB42032C45600036D74 /* Products */ = {
			isa = PBXGroup;
			children = (
				C1785BB32032C45600036D74 /* PalindromePermutation.app */,
				C1785BCB2032C45700036D74 /* PalindromePermutationTests.xctest */,
				C1785BD62032C45700036D74 /* PalindromePermutationUITests.xctest */,
			);
			name = Products;
			sourceTree = "<group>";
		};
		C1785BB52032C45600036D74 /* PalindromePermutation */ = {
			isa = PBXGroup;
			children = (
				C1785BB62032C45700036D74 /* AppDelegate.h */,
				C1785BB72032C45700036D74 /* AppDelegate.m */,
				C1785BB92032C45700036D74 /* ViewController.h */,
				C1785BBA2032C45700036D74 /* ViewController.m */,
				C1785BBC2032C45700036D74 /* Main.storyboard */,
				C1785BBF2032C45700036D74 /* Assets.xcassets */,
				C1785BC12032C45700036D74 /* LaunchScreen.storyboard */,
				C1785BC42032C45700036D74 /* Info.plist */,
				C1785BC52032C45700036D74 /* main.m */,
			);
			path = PalindromePermutation;
			sourceTree = "<group>";
		};
		C1785BCE2032C45700036D74 /* PalindromePermutationTests */ = {
			isa = PBXGroup;
			children = (
				C1785BCF2032C45700036D74 /* PalindromePermutationTests.m */,
				C1785BD12032C45700036D74 /* Info.plist */,
			);
			path = PalindromePermutationTests;
			sourceTree = "<group>";
		};
		C1785BD92032C45700036D74 /* PalindromePermutationUITests */ = {
			isa = PBXGroup;
			children = (
				C1785BDA2032C45700036D74 /* PalindromePermutationUITests.m */,
				C1785BDC2032C45700036D74 /* Info.plist */,
			);
			path = PalindromePermutationUITests;
			sourceTree = "<group>";
		};
/* End PBXGroup section */

/* Begin PBXNativeTarget section */
		C1785BB22032C45600036D74 /* PalindromePermutation */ = {
			isa = PBXNativeTarget;
			buildConfigurationList = C1785BDF2032C45700036D74 /* Build configuration list for PBXNativeTarget "PalindromePermutation" */;
			buildPhases = (
				C1785BAF2032C45600036D74 /* Sources */,
				C1785BB02032C45600036D74 /* Frameworks */,
				C1785BB12032C45600036D74 /* Resources */,
			);
			buildRules = (
			);
			dependencies = (
			);
			name = PalindromePermutation;
			productName = PalindromePermutation;
			productReference = C1785BB32032C45600036D74 /* PalindromePermutation.app */;
			productType = "com.apple.product-type.application";
		};
		C1785BCA2032C45700036D74 /* PalindromePermutationTests */ = {
			isa = PBXNativeTarget;
			buildConfigurationList = C1785BE22032C45700036D74 /* Build configuration list for PBXNativeTarget "PalindromePermutationTests" */;
			buildPhases = (
				C1785BC72032C45700036D74 /* Sources */,
				C1785BC82032C45700036D74 /* Frameworks */,
				C1785BC92032C45700036D74 /* Resources */,
			);
			buildRules = (
			);
			dependencies = (
				C1785BCD2032C45700036D74 /* PBXTargetDependency */,
			);
			name = PalindromePermutationTests;
			productName = PalindromePermutationTests;
			productReference = C1785BCB2032C45700036D74 /* PalindromePermutationTests.xctest */;
			productType = "com.apple.product-type.bundle.unit-test";
		};
		C1785BD52032C45700036D74 /* PalindromePermutationUITests */ = {
			isa = PBXNativeTarget;
			buildConfigurationList = C1785BE52032C45700036D74 /* Build configuration list for PBXNativeTarget "PalindromePermutationUITests" */;
			buildPhases = (
				C1785BD22032C45700036D74 /* Sources */,
				C1785BD32032C45700036D74 /* Frameworks */,
				C1785BD42032C45700036D74 /* Resources */,
			);
			buildRules = (
			);
			dependencies = (
				C1785BD82032C45700036D74 /* PBXTargetDependency */,
			);
			name = PalindromePermutationUITests;
			productName = PalindromePermutationUITests;
			productReference = C1785BD62032C45700036D74 /* PalindromePermutationUITests.xctest */;
			productType = "com.apple.product-type.bundle.ui-testing";
		};
/* End PBXNativeTarget section */

/* Begin PBXProject section */
		C1785BAB2032C45600036D74 /* Project object */ = {
			isa = PBXProject;
			attributes = {
				LastUpgradeCheck = 0920;
				ORGANIZATIONNAME = PEETLA;
				TargetAttributes = {
					C1785BB22032C45600036D74 = {
						CreatedOnToolsVersion = 9.2;
						ProvisioningStyle = Automatic;
					};
					C1785BCA2032C45700036D74 = {
						CreatedOnToolsVersion = 9.2;
						ProvisioningStyle = Automatic;
						TestTargetID = C1785BB22032C45600036D74;
					};
					C1785BD52032C45700036D74 = {
						CreatedOnToolsVersion = 9.2;
						ProvisioningStyle = Automatic;
						TestTargetID = C1785BB22032C45600036D74;
					};
				};
			};
			buildConfigurationList = C1785BAE2032C45600036D74 /* Build configuration list for PBXProject "PalindromePermutation" */;
			compatibilityVersion = "Xcode 8.0";
			developmentRegion = en;
			hasScannedForEncodings = 0;
			knownRegions = (
				en,
				Base,
			);
			mainGroup = C1785BAA2032C45600036D74;
			productRefGroup = C1785BB42032C45600036D74 /* Products */;
			projectDirPath = "";
			projectRoot = "";
			targets = (
				C1785BB22032C45600036D74 /* PalindromePermutation */,
				C1785BCA2032C45700036D74 /* PalindromePermutationTests */,
				C1785BD52032C45700036D74 /* PalindromePermutationUITests */,
			);
		};
/* End PBXProject section */

/* Begin PBXResourcesBuildPhase section */
		C1785BB12032C45600036D74 /* Resources */ = {
			isa = PBXResourcesBuildPhase;
			buildActionMask = 2147483647;
			files = (
				C1785BC32032C45700036D74 /* LaunchScreen.storyboard in Resources */,
				C1785BC02032C45700036D74 /* Assets.xcassets in Resources */,
				C1785BBE2032C45700036D74 /* Main.storyboard in Resources */,
			);
			runOnlyForDeploymentPostprocessing = 0;
		};
		C1785BC92032C45700036D74 /* Resources */ = {
			isa = PBXResourcesBuildPhase;
			buildActionMask = 2147483647;
			files = (
			);
			runOnlyForDeploymentPostprocessing = 0;
		};
		C1785BD42032C45700036D74 /* Resources */ = {
			isa = PBXResourcesBuildPhase;
			buildActionMask = 2147483647;
			files = (
			);
			runOnlyForDeploymentPostprocessing = 0;
		};
/* End PBXResourcesBuildPhase section */

/* Begin PBXSourcesBuildPhase section */
		C1785BAF2032C45600036D74 /* Sources */ = {
			isa = PBXSourcesBuildPhase;
			buildActionMask = 2147483647;
			files = (
				C1785BBB2032C45700036D74 /* ViewController.m in Sources */,
				C1785BC62032C45700036D74 /* main.m in Sources */,
				C1785BB82032C45700036D74 /* AppDelegate.m in Sources */,
			);
			runOnlyForDeploymentPostprocessing = 0;
		};
		C1785BC72032C45700036D74 /* Sources */ = {
			isa = PBXSourcesBuildPhase;
			buildActionMask = 2147483647;
			files = (
				C1785BD02032C45700036D74 /* PalindromePermutationTests.m in Sources */,
			);
			runOnlyForDeploymentPostprocessing = 0;
		};
		C1785BD22032C45700036D74 /* Sources */ = {
			isa = PBXSourcesBuildPhase;
			buildActionMask = 2147483647;
			files = (
				C1785BDB2032C45700036D74 /* PalindromePermutationUITests.m in Sources */,
			);
			runOnlyForDeploymentPostprocessing = 0;
		};
/* End PBXSourcesBuildPhase section */

/* Begin PBXTargetDependency section */
		C1785BCD2032C45700036D74 /* PBXTargetDependency */ = {
			isa = PBXTargetDependency;
			target = C1785BB22032C45600036D74 /* PalindromePermutation */;
			targetProxy = C1785BCC2032C45700036D74 /* PBXContainerItemProxy */;
		};
		C1785BD82032C45700036D74 /* PBXTargetDependency */ = {
			isa = PBXTargetDependency;
			target = C1785BB22032C45600036D74 /* PalindromePermutation */;
			targetProxy = C1785BD72032C45700036D74 /* PBXContainerItemProxy */;
		};
/* End PBXTargetDependency section */

/* Begin PBXVariantGroup section */
		C1785BBC2032C45700036D74 /* Main.storyboard */ = {
			isa = PBXVariantGroup;
			children = (
				C1785BBD2032C45700036D74 /* Base */,
			);
			name = Main.storyboard;
			sourceTree = "<group>";
		};
		C1785BC12032C45700036D74 /* LaunchScreen.storyboard */ = {
			isa = PBXVariantGroup;
			children = (
				C1785BC22032C45700036D74 /* Base */,
			);
			name = LaunchScreen.storyboard;
			sourceTree = "<group>";
		};
/* End PBXVariantGroup section */

/* Begin XCBuildConfiguration section */
		C1785BDD2032C45700036D74 /* Debug */ = {
			isa = XCBuildConfiguration;
			buildSettings = {
				ALWAYS_SEARCH_USER_PATHS = NO;
				CLANG_ANALYZER_NONNULL = YES;
				CLANG_ANALYZER_NUMBER_OBJECT_CONVERSION = YES_AGGRESSIVE;
				CLANG_CXX_LANGUAGE_STANDARD = "gnu++14";
				CLANG_CXX_LIBRARY = "libc++";
				CLANG_ENABLE_MODULES = YES;
				CLANG_ENABLE_OBJC_ARC = YES;
				CLANG_WARN_BLOCK_CAPTURE_AUTORELEASING = YES;
				CLANG_WARN_BOOL_CONVERSION = YES;
				CLANG_WARN_COMMA = YES;
				CLANG_WARN_CONSTANT_CONVERSION = YES;
				CLANG_WARN_DIRECT_OBJC_ISA_USAGE = YES_ERROR;
				CLANG_WARN_DOCUMENTATION_COMMENTS = YES;
				CLANG_WARN_EMPTY_BODY = YES;
				CLANG_WARN_ENUM_CONVERSION = YES;
				CLANG_WARN_INFINITE_RECURSION = YES;
				CLANG_WARN_INT_CONVERSION = YES;
				CLANG_WARN_NON_LITERAL_NULL_CONVERSION = YES;
				CLANG_WARN_OBJC_LITERAL_CONVERSION = YES;
				CLANG_WARN_OBJC_ROOT_CLASS = YES_ERROR;
				CLANG_WARN_RANGE_LOOP_ANALYSIS = YES;
				CLANG_WARN_STRICT_PROTOTYPES = YES;
				CLANG_WARN_SUSPICIOUS_MOVE = YES;
				CLANG_WARN_UNGUARDED_AVAILABILITY = YES_AGGRESSIVE;
				CLANG_WARN_UNREACHABLE_CODE = YES;
				CLANG_WARN__DUPLICATE_METHOD_MATCH = YES;
				CODE_SIGN_IDENTITY = "iPhone Developer";
				COPY_PHASE_STRIP = NO;
				DEBUG_INFORMATION_FORMAT = dwarf;
				ENABLE_STRICT_OBJC_MSGSEND = YES;
				ENABLE_TESTABILITY = YES;
				GCC_C_LANGUAGE_STANDARD = gnu11;
				GCC_DYNAMIC_NO_PIC = NO;
				GCC_NO_COMMON_BLOCKS = YES;
				GCC_OPTIMIZATION_LEVEL = 0;
				GCC_PREPROCESSOR_DEFINITIONS = (
					"DEBUG=1",
					"$(inherited)",
				);
				GCC_WARN_64_TO_32_BIT_CONVERSION = YES;
				GCC_WARN_ABOUT_RETURN_TYPE = YES_ERROR;
				GCC_WARN_UNDECLARED_SELECTOR = YES;
				GCC_WARN_UNINITIALIZED_AUTOS = YES_AGGRESSIVE;
				GCC_WARN_UNUSED_FUNCTION = YES;
				GCC_WARN_UNUSED_VARIABLE = YES;
				IPHONEOS_DEPLOYMENT_TARGET = 11.2;
				MTL_ENABLE_DEBUG_INFO = YES;
				ONLY_ACTIVE_ARCH = YES;
				SDKROOT = iphoneos;
			};
			name = Debug;
		};
		C1785BDE2032C45700036D74 /* Release */ = {
			isa = XCBuildConfiguration;
			buildSettings = {
				ALWAYS_SEARCH_USER_PATHS = NO;
				CLANG_ANALYZER_NONNULL = YES;
				CLANG_ANALYZER_NUMBER_OBJECT_CONVERSION = YES_AGGRESSIVE;
				CLANG_CXX_LANGUAGE_STANDARD = "gnu++14";
				CLANG_CXX_LIBRARY = "libc++";
				CLANG_ENABLE_MODULES = YES;
				CLANG_ENABLE_OBJC_ARC = YES;
				CLANG_WARN_BLOCK_CAPTURE_AUTORELEASING = YES;
				CLANG_WARN_BOOL_CONVERSION = YES;
				CLANG_WARN_COMMA = YES;
				CLANG_WARN_CONSTANT_CONVERSION = YES;
				CLANG_WARN_DIRECT_OBJC_ISA_USAGE = YES_ERROR;
				CLANG_WARN_DOCUMENTATION_COMMENTS = YES;
				CLANG_WARN_EMPTY_BODY = YES;
				CLANG_WARN_ENUM_CONVERSION = YES;
				CLANG_WARN_INFINITE_RECURSION = YES;
				CLANG_WARN_INT_CONVERSION = YES;
				CLANG_WARN_NON_LITERAL_NULL_CONVERSION = YES;
				CLANG_WARN_OBJC_LITERAL_CONVERSION = YES;
				CLANG_WARN_OBJC_ROOT_CLASS = YES_ERROR;
				CLANG_WARN_RANGE_LOOP_ANALYSIS = YES;
				CLANG_WARN_STRICT_PROTOTYPES = YES;
				CLANG_WARN_SUSPICIOUS_MOVE = YES;
				CLANG_WARN_UNGUARDED_AVAILABILITY = YES_AGGRESSIVE;
				CLANG_WARN_UNREACHABLE_CODE = YES;
				CLANG_WARN__DUPLICATE_METHOD_MATCH = YES;
				CODE_SIGN_IDENTITY = "iPhone Developer";
				COPY_PHASE_STRIP = NO;
				DEBUG_INFORMATION_FORMAT = "dwarf-with-dsym";
				ENABLE_NS_ASSERTIONS = NO;
				ENABLE_STRICT_OBJC_MSGSEND = YES;
				GCC_C_LANGUAGE_STANDARD = gnu11;
				GCC_NO_COMMON_BLOCKS = YES;
				GCC_WARN_64_TO_32_BIT_CONVERSION = YES;
				GCC_WARN_ABOUT_RETURN_TYPE = YES_ERROR;
				GCC_WARN_UNDECLARED_SELECTOR = YES;
				GCC_WARN_UNINITIALIZED_AUTOS = YES_AGGRESSIVE;
				GCC_WARN_UNUSED_FUNCTION = YES;
				GCC_WARN_UNUSED_VARIABLE = YES;
				IPHONEOS_DEPLOYMENT_TARGET = 11.2;
				MTL_ENABLE_DEBUG_INFO = NO;
				SDKROOT = iphoneos;
				VALIDATE_PRODUCT = YES;
			};
			name = Release;
		};
		C1785BE02032C45700036D74 /* Debug */ = {
			isa = XCBuildConfiguration;
			buildSettings = {
				ASSETCATALOG_COMPILER_APPICON_NAME = AppIcon;
				CODE_SIGN_STYLE = Automatic;
				DEVELOPMENT_TEAM = 345LLH35Y9;
				INFOPLIST_FILE = PalindromePermutation/Info.plist;
				LD_RUNPATH_SEARCH_PATHS = "$(inherited) @executable_path/Frameworks";
				PRODUCT_BUNDLE_IDENTIFIER = org.pv.PalindromePermutation;
				PRODUCT_NAME = "$(TARGET_NAME)";
				TARGETED_DEVICE_FAMILY = "1,2";
			};
			name = Debug;
		};
		C1785BE12032C45700036D74 /* Release */ = {
			isa = XCBuildConfiguration;
			buildSettings = {
				ASSETCATALOG_COMPILER_APPICON_NAME = AppIcon;
				CODE_SIGN_STYLE = Automatic;
				DEVELOPMENT_TEAM = 345LLH35Y9;
				INFOPLIST_FILE = PalindromePermutation/Info.plist;
				LD_RUNPATH_SEARCH_PATHS = "$(inherited) @executable_path/Frameworks";
				PRODUCT_BUNDLE_IDENTIFIER = org.pv.PalindromePermutation;
				PRODUCT_NAME = "$(TARGET_NAME)";
				TARGETED_DEVICE_FAMILY = "1,2";
			};
			name = Release;
		};
		C1785BE32032C45700036D74 /* Debug */ = {
			isa = XCBuildConfiguration;
			buildSettings = {
				BUNDLE_LOADER = "$(TEST_HOST)";
				CODE_SIGN_STYLE = Automatic;
				DEVELOPMENT_TEAM = 345LLH35Y9;
				INFOPLIST_FILE = PalindromePermutationTests/Info.plist;
				LD_RUNPATH_SEARCH_PATHS = "$(inherited) @executable_path/Frameworks @loader_path/Frameworks";
				PRODUCT_BUNDLE_IDENTIFIER = org.pv.PalindromePermutationTests;
				PRODUCT_NAME = "$(TARGET_NAME)";
				TARGETED_DEVICE_FAMILY = "1,2";
				TEST_HOST = "$(BUILT_PRODUCTS_DIR)/PalindromePermutation.app/PalindromePermutation";
			};
			name = Debug;
		};
		C1785BE42032C45700036D74 /* Release */ = {
			isa = XCBuildConfiguration;
			buildSettings = {
				BUNDLE_LOADER = "$(TEST_HOST)";
				CODE_SIGN_STYLE = Automatic;
				DEVELOPMENT_TEAM = 345LLH35Y9;
				INFOPLIST_FILE = PalindromePermutationTests/Info.plist;
				LD_RUNPATH_SEARCH_PATHS = "$(inherited) @executable_path/Frameworks @loader_path/Frameworks";
				PRODUCT_BUNDLE_IDENTIFIER = org.pv.PalindromePermutationTests;
				PRODUCT_NAME = "$(TARGET_NAME)";
				TARGETED_DEVICE_FAMILY = "1,2";
				TEST_HOST = "$(BUILT_PRODUCTS_DIR)/PalindromePermutation.app/PalindromePermutation";
			};
			name = Release;
		};
		C1785BE62032C45700036D74 /* Debug */ = {
			isa = XCBuildConfiguration;
			buildSettings = {
				CODE_SIGN_STYLE = Automatic;
				DEVELOPMENT_TEAM = 345LLH35Y9;
				INFOPLIST_FILE = PalindromePermutationUITests/Info.plist;
				LD_RUNPATH_SEARCH_PATHS = "$(inherited) @executable_path/Frameworks @loader_path/Frameworks";
				PRODUCT_BUNDLE_IDENTIFIER = org.pv.PalindromePermutationUITests;
				PRODUCT_NAME = "$(TARGET_NAME)";
				TARGETED_DEVICE_FAMILY = "1,2";
				TEST_TARGET_NAME = PalindromePermutation;
			};
			name = Debug;
		};
		C1785BE72032C45700036D74 /* Release */ = {
			isa = XCBuildConfiguration;
			buildSettings = {
				CODE_SIGN_STYLE = Automatic;
				DEVELOPMENT_TEAM = 345LLH35Y9;
				INFOPLIST_FILE = PalindromePermutationUITests/Info.plist;
				LD_RUNPATH_SEARCH_PATHS = "$(inherited) @executable_path/Frameworks @loader_path/Frameworks";
				PRODUCT_BUNDLE_IDENTIFIER = org.pv.PalindromePermutationUITests;
				PRODUCT_NAME = "$(TARGET_NAME)";
				TARGETED_DEVICE_FAMILY = "1,2";
				TEST_TARGET_NAME = PalindromePermutation;
			};
			name = Release;
		};
/* End XCBuildConfiguration section */

/* Begin XCConfigurationList section */
		C1785BAE2032C45600036D74 /* Build configuration list for PBXProject "PalindromePermutation" */ = {
			isa = XCConfigurationList;
			buildConfigurations = (
				C1785BDD2032C45700036D74 /* Debug */,
				C1785BDE2032C45700036D74 /* Release */,
			);
			defaultConfigurationIsVisible = 0;
			defaultConfigurationName = Release;
		};
		C1785BDF2032C45700036D74 /* Build configuration list for PBXNativeTarget "PalindromePermutation" */ = {
			isa = XCConfigurationList;
			buildConfigurations = (
				C1785BE02032C45700036D74 /* Debug */,
				C1785BE12032C45700036D74 /* Release */,
			);
			defaultConfigurationIsVisible = 0;
			defaultConfigurationName = Release;
		};
		C1785BE22032C45700036D74 /* Build configuration list for PBXNativeTarget "PalindromePermutationTests" */ = {
			isa = XCConfigurationList;
			buildConfigurations = (
				C1785BE32032C45700036D74 /* Debug */,
				C1785BE42032C45700036D74 /* Release */,
			);
			defaultConfigurationIsVisible = 0;
			defaultConfigurationName = Release;
		};
		C1785BE52032C45700036D74 /* Build configuration list for PBXNativeTarget "PalindromePermutationUITests" */ = {
			isa = XCConfigurationList;
			buildConfigurations = (
				C1785BE62032C45700036D74 /* Debug */,
				C1785BE72032C45700036D74 /* Release */,
			);
			defaultConfigurationIsVisible = 0;
			defaultConfigurationName = Release;
		};
/* End XCConfigurationList section */
	};
	rootObject = C1785BAB2032C45600036D74 /* Project object */;
}
